// !$*UTF8*$!
{
	archiveVersion = 1;
	classes = {
	};
	objectVersion = 50;
	objects = {

/* Begin PBXBuildFile section */
		9C51F76E22A5E406001D6213 /* AppDelegate.swift in Sources */ = {isa = PBXBuildFile; fileRef = 9C51F76D22A5E406001D6213 /* AppDelegate.swift */; };
		9C51F77022A5E406001D6213 /* ViewController.swift in Sources */ = {isa = PBXBuildFile; fileRef = 9C51F76F22A5E406001D6213 /* ViewController.swift */; };
		9C51F77322A5E406001D6213 /* Main.storyboard in Resources */ = {isa = PBXBuildFile; fileRef = 9C51F77122A5E406001D6213 /* Main.storyboard */; };
		9C51F77522A5E407001D6213 /* Assets.xcassets in Resources */ = {isa = PBXBuildFile; fileRef = 9C51F77422A5E407001D6213 /* Assets.xcassets */; };
		9C51F77822A5E407001D6213 /* LaunchScreen.storyboard in Resources */ = {isa = PBXBuildFile; fileRef = 9C51F77622A5E407001D6213 /* LaunchScreen.storyboard */; };
		9C51F78322A5E408001D6213 /* KeyBoardHandlingTests.swift in Sources */ = {isa = PBXBuildFile; fileRef = 9C51F78222A5E408001D6213 /* KeyBoardHandlingTests.swift */; };
		9C51F78E22A5E408001D6213 /* KeyBoardHandlingUITests.swift in Sources */ = {isa = PBXBuildFile; fileRef = 9C51F78D22A5E408001D6213 /* KeyBoardHandlingUITests.swift */; };
/* End PBXBuildFile section */

/* Begin PBXContainerItemProxy section */
		9C51F77F22A5E408001D6213 /* PBXContainerItemProxy */ = {
			isa = PBXContainerItemProxy;
			containerPortal = 9C51F76222A5E406001D6213 /* Project object */;
			proxyType = 1;
			remoteGlobalIDString = 9C51F76922A5E406001D6213;
			remoteInfo = KeyBoardHandling;
		};
		9C51F78A22A5E408001D6213 /* PBXContainerItemProxy */ = {
			isa = PBXContainerItemProxy;
			containerPortal = 9C51F76222A5E406001D6213 /* Project object */;
			proxyType = 1;
			remoteGlobalIDString = 9C51F76922A5E406001D6213;
			remoteInfo = KeyBoardHandling;
		};
/* End PBXContainerItemProxy section */

/* Begin PBXFileReference section */
		9C51F76A22A5E406001D6213 /* KeyBoardHandling.app */ = {isa = PBXFileReference; explicitFileType = wrapper.application; includeInIndex = 0; path = KeyBoardHandling.app; sourceTree = BUILT_PRODUCTS_DIR; };
		9C51F76D22A5E406001D6213 /* AppDelegate.swift */ = {isa = PBXFileReference; lastKnownFileType = sourcecode.swift; path = AppDelegate.swift; sourceTree = "<group>"; };
		9C51F76F22A5E406001D6213 /* ViewController.swift */ = {isa = PBXFileReference; lastKnownFileType = sourcecode.swift; path = ViewController.swift; sourceTree = "<group>"; };
		9C51F77222A5E406001D6213 /* Base */ = {isa = PBXFileReference; lastKnownFileType = file.storyboard; name = Base; path = Base.lproj/Main.storyboard; sourceTree = "<group>"; };
		9C51F77422A5E407001D6213 /* Assets.xcassets */ = {isa = PBXFileReference; lastKnownFileType = folder.assetcatalog; path = Assets.xcassets; sourceTree = "<group>"; };
		9C51F77722A5E407001D6213 /* Base */ = {isa = PBXFileReference; lastKnownFileType = file.storyboard; name = Base; path = Base.lproj/LaunchScreen.storyboard; sourceTree = "<group>"; };
		9C51F77922A5E407001D6213 /* Info.plist */ = {isa = PBXFileReference; lastKnownFileType = text.plist.xml; path = Info.plist; sourceTree = "<group>"; };
		9C51F77E22A5E408001D6213 /* KeyBoardHandlingTests.xctest */ = {isa = PBXFileReference; explicitFileType = wrapper.cfbundle; includeInIndex = 0; path = KeyBoardHandlingTests.xctest; sourceTree = BUILT_PRODUCTS_DIR; };
		9C51F78222A5E408001D6213 /* KeyBoardHandlingTests.swift */ = {isa = PBXFileReference; lastKnownFileType = sourcecode.swift; path = KeyBoardHandlingTests.swift; sourceTree = "<group>"; };
		9C51F78422A5E408001D6213 /* Info.plist */ = {isa = PBXFileReference; lastKnownFileType = text.plist.xml; path = Info.plist; sourceTree = "<group>"; };
		9C51F78922A5E408001D6213 /* KeyBoardHandlingUITests.xctest */ = {isa = PBXFileReference; explicitFileType = wrapper.cfbundle; includeInIndex = 0; path = KeyBoardHandlingUITests.xctest; sourceTree = BUILT_PRODUCTS_DIR; };
		9C51F78D22A5E408001D6213 /* KeyBoardHandlingUITests.swift */ = {isa = PBXFileReference; lastKnownFileType = sourcecode.swift; path = KeyBoardHandlingUITests.swift; sourceTree = "<group>"; };
		9C51F78F22A5E408001D6213 /* Info.plist */ = {isa = PBXFileReference; lastKnownFileType = text.plist.xml; path = Info.plist; sourceTree = "<group>"; };
/* End PBXFileReference section */

/* Begin PBXFrameworksBuildPhase section */
		9C51F76722A5E406001D6213 /* Frameworks */ = {
			isa = PBXFrameworksBuildPhase;
			buildActionMask = 2147483647;
			files = (
			);
			runOnlyForDeploymentPostprocessing = 0;
		};
		9C51F77B22A5E408001D6213 /* Frameworks */ = {
			isa = PBXFrameworksBuildPhase;
			buildActionMask = 2147483647;
			files = (
			);
			runOnlyForDeploymentPostprocessing = 0;
		};
		9C51F78622A5E408001D6213 /* Frameworks */ = {
			isa = PBXFrameworksBuildPhase;
			buildActionMask = 2147483647;
			files = (
			);
			runOnlyForDeploymentPostprocessing = 0;
		};
/* End PBXFrameworksBuildPhase section */

/* Begin PBXGroup section */
		9C51F76122A5E406001D6213 = {
			isa = PBXGroup;
			children = (
				9C51F76C22A5E406001D6213 /* KeyBoardHandling */,
				9C51F78122A5E408001D6213 /* KeyBoardHandlingTests */,
				9C51F78C22A5E408001D6213 /* KeyBoardHandlingUITests */,
				9C51F76B22A5E406001D6213 /* Products */,
			);
			sourceTree = "<group>";
		};
		9C51F76B22A5E406001D6213 /* Products */ = {
			isa = PBXGroup;
			children = (
				9C51F76A22A5E406001D6213 /* KeyBoardHandling.app */,
				9C51F77E22A5E408001D6213 /* KeyBoardHandlingTests.xctest */,
				9C51F78922A5E408001D6213 /* KeyBoardHandlingUITests.xctest */,
			);
			name = Products;
			sourceTree = "<group>";
		};
		9C51F76C22A5E406001D6213 /* KeyBoardHandling */ = {
			isa = PBXGroup;
			children = (
				9C51F76D22A5E406001D6213 /* AppDelegate.swift */,
				9C51F76F22A5E406001D6213 /* ViewController.swift */,
				9C51F77122A5E406001D6213 /* Main.storyboard */,
				9C51F77422A5E407001D6213 /* Assets.xcassets */,
				9C51F77622A5E407001D6213 /* LaunchScreen.storyboard */,
				9C51F77922A5E407001D6213 /* Info.plist */,
			);
			path = KeyBoardHandling;
			sourceTree = "<group>";
		};
		9C51F78122A5E408001D6213 /* KeyBoardHandlingTests */ = {
			isa = PBXGroup;
			children = (
				9C51F78222A5E408001D6213 /* KeyBoardHandlingTests.swift */,
				9C51F78422A5E408001D6213 /* Info.plist */,
			);
			path = KeyBoardHandlingTests;
			sourceTree = "<group>";
		};
		9C51F78C22A5E408001D6213 /* KeyBoardHandlingUITests */ = {
			isa = PBXGroup;
			children = (
				9C51F78D22A5E408001D6213 /* KeyBoardHandlingUITests.swift */,
				9C51F78F22A5E408001D6213 /* Info.plist */,
			);
			path = KeyBoardHandlingUITests;
			sourceTree = "<group>";
		};
/* End PBXGroup section */

/* Begin PBXNativeTarget section */
		9C51F76922A5E406001D6213 /* KeyBoardHandling */ = {
			isa = PBXNativeTarget;
			buildConfigurationList = 9C51F79222A5E408001D6213 /* Build configuration list for PBXNativeTarget "KeyBoardHandling" */;
			buildPhases = (
				9C51F76622A5E406001D6213 /* Sources */,
				9C51F76722A5E406001D6213 /* Frameworks */,
				9C51F76822A5E406001D6213 /* Resources */,
			);
			buildRules = (
			);
			dependencies = (
			);
			name = KeyBoardHandling;
			productName = KeyBoardHandling;
			productReference = 9C51F76A22A5E406001D6213 /* KeyBoardHandling.app */;
			productType = "com.apple.product-type.application";
		};
		9C51F77D22A5E408001D6213 /* KeyBoardHandlingTests */ = {
			isa = PBXNativeTarget;
			buildConfigurationList = 9C51F79522A5E408001D6213 /* Build configuration list for PBXNativeTarget "KeyBoardHandlingTests" */;
			buildPhases = (
				9C51F77A22A5E408001D6213 /* Sources */,
				9C51F77B22A5E408001D6213 /* Frameworks */,
				9C51F77C22A5E408001D6213 /* Resources */,
			);
			buildRules = (
			);
			dependencies = (
				9C51F78022A5E408001D6213 /* PBXTargetDependency */,
			);
			name = KeyBoardHandlingTests;
			productName = KeyBoardHandlingTests;
			productReference = 9C51F77E22A5E408001D6213 /* KeyBoardHandlingTests.xctest */;
			productType = "com.apple.product-type.bundle.unit-test";
		};
		9C51F78822A5E408001D6213 /* KeyBoardHandlingUITests */ = {
			isa = PBXNativeTarget;
			buildConfigurationList = 9C51F79822A5E408001D6213 /* Build configuration list for PBXNativeTarget "KeyBoardHandlingUITests" */;
			buildPhases = (
				9C51F78522A5E408001D6213 /* Sources */,
				9C51F78622A5E408001D6213 /* Frameworks */,
				9C51F78722A5E408001D6213 /* Resources */,
			);
			buildRules = (
			);
			dependencies = (
				9C51F78B22A5E408001D6213 /* PBXTargetDependency */,
			);
			name = KeyBoardHandlingUITests;
			productName = KeyBoardHandlingUITests;
			productReference = 9C51F78922A5E408001D6213 /* KeyBoardHandlingUITests.xctest */;
			productType = "com.apple.product-type.bundle.ui-testing";
		};
/* End PBXNativeTarget section */

/* Begin PBXProject section */
		9C51F76222A5E406001D6213 /* Project object */ = {
			isa = PBXProject;
			attributes = {
				LastSwiftUpdateCheck = 1020;
				LastUpgradeCheck = 1020;
				ORGANIZATIONNAME = "hesham ghalaab";
				TargetAttributes = {
					9C51F76922A5E406001D6213 = {
						CreatedOnToolsVersion = 10.2.1;
					};
					9C51F77D22A5E408001D6213 = {
						CreatedOnToolsVersion = 10.2.1;
						TestTargetID = 9C51F76922A5E406001D6213;
					};
					9C51F78822A5E408001D6213 = {
						CreatedOnToolsVersion = 10.2.1;
						TestTargetID = 9C51F76922A5E406001D6213;
					};
				};
			};
			buildConfigurationList = 9C51F76522A5E406001D6213 /* Build configuration list for PBXProject "KeyBoardHandling" */;
			compatibilityVersion = "Xcode 9.3";
			developmentRegion = en;
			hasScannedForEncodings = 0;
			knownRegions = (
				en,
				Base,
			);
			mainGroup = 9C51F76122A5E406001D6213;
			productRefGroup = 9C51F76B22A5E406001D6213 /* Products */;
			projectDirPath = "";
			projectRoot = "";
			targets = (
				9C51F76922A5E406001D6213 /* KeyBoardHandling */,
				9C51F77D22A5E408001D6213 /* KeyBoardHandlingTests */,
				9C51F78822A5E408001D6213 /* KeyBoardHandlingUITests */,
			);
		};
/* End PBXProject section */

/* Begin PBXResourcesBuildPhase section */
		9C51F76822A5E406001D6213 /* Resources */ = {
			isa = PBXResourcesBuildPhase;
			buildActionMask = 2147483647;
			files = (
				9C51F77822A5E407001D6213 /* LaunchScreen.storyboard in Resources */,
				9C51F77522A5E407001D6213 /* Assets.xcassets in Resources */,
				9C51F77322A5E406001D6213 /* Main.storyboard in Resources */,
			);
			runOnlyForDeploymentPostprocessing = 0;
		};
		9C51F77C22A5E408001D6213 /* Resources */ = {
			isa = PBXResourcesBuildPhase;
			buildActionMask = 2147483647;
			files = (
			);
			runOnlyForDeploymentPostprocessing = 0;
		};
		9C51F78722A5E408001D6213 /* Resources */ = {
			isa = PBXResourcesBuildPhase;
			buildActionMask = 2147483647;
			files = (
			);
			runOnlyForDeploymentPostprocessing = 0;
		};
/* End PBXResourcesBuildPhase section */

/* Begin PBXSourcesBuildPhase section */
		9C51F76622A5E406001D6213 /* Sources */ = {
			isa = PBXSourcesBuildPhase;
			buildActionMask = 2147483647;
			files = (
				9C51F77022A5E406001D6213 /* ViewController.swift in Sources */,
				9C51F76E22A5E406001D6213 /* AppDelegate.swift in Sources */,
			);
			runOnlyForDeploymentPostprocessing = 0;
		};
		9C51F77A22A5E408001D6213 /* Sources */ = {
			isa = PBXSourcesBuildPhase;
			buildActionMask = 2147483647;
			files = (
				9C51F78322A5E408001D6213 /* KeyBoardHandlingTests.swift in Sources */,
			);
			runOnlyForDeploymentPostprocessing = 0;
		};
		9C51F78522A5E408001D6213 /* Sources */ = {
			isa = PBXSourcesBuildPhase;
			buildActionMask = 2147483647;
			files = (
				9C51F78E22A5E408001D6213 /* KeyBoardHandlingUITests.swift in Sources */,
			);
			runOnlyForDeploymentPostprocessing = 0;
		};
/* End PBXSourcesBuildPhase section */

/* Begin PBXTargetDependency section */
		9C51F78022A5E408001D6213 /* PBXTargetDependency */ = {
			isa = PBXTargetDependency;
			target = 9C51F76922A5E406001D6213 /* KeyBoardHandling */;
			targetProxy = 9C51F77F22A5E408001D6213 /* PBXContainerItemProxy */;
		};
		9C51F78B22A5E408001D6213 /* PBXTargetDependency */ = {
			isa = PBXTargetDependency;
			target = 9C51F76922A5E406001D6213 /* KeyBoardHandling */;
			targetProxy = 9C51F78A22A5E408001D6213 /* PBXContainerItemProxy */;
		};
/* End PBXTargetDependency section */

/* Begin PBXVariantGroup section */
		9C51F77122A5E406001D6213 /* Main.storyboard */ = {
			isa = PBXVariantGroup;
			children = (
				9C51F77222A5E406001D6213 /* Base */,
			);
			name = Main.storyboard;
			sourceTree = "<group>";
		};
		9C51F77622A5E407001D6213 /* LaunchScreen.storyboard */ = {
			isa = PBXVariantGroup;
			children = (
				9C51F77722A5E407001D6213 /* Base */,
			);
			name = LaunchScreen.storyboard;
			sourceTree = "<group>";
		};
/* End PBXVariantGroup section */

/* Begin XCBuildConfiguration section */
		9C51F79022A5E408001D6213 /* Debug */ = {
			isa = XCBuildConfiguration;
			buildSettings = {
				ALWAYS_SEARCH_USER_PATHS = NO;
				CLANG_ANALYZER_NONNULL = YES;
				CLANG_ANALYZER_NUMBER_OBJECT_CONVERSION = YES_AGGRESSIVE;
				CLANG_CXX_LANGUAGE_STANDARD = "gnu++14";
				CLANG_CXX_LIBRARY = "libc++";
				CLANG_ENABLE_MODULES = YES;
				CLANG_ENABLE_OBJC_ARC = YES;
				CLANG_ENABLE_OBJC_WEAK = YES;
				CLANG_WARN_BLOCK_CAPTURE_AUTORELEASING = YES;
				CLANG_WARN_BOOL_CONVERSION = YES;
				CLANG_WARN_COMMA = YES;
				CLANG_WARN_CONSTANT_CONVERSION = YES;
				CLANG_WARN_DEPRECATED_OBJC_IMPLEMENTATIONS = YES;
				CLANG_WARN_DIRECT_OBJC_ISA_USAGE = YES_ERROR;
				CLANG_WARN_DOCUMENTATION_COMMENTS = YES;
				CLANG_WARN_EMPTY_BODY = YES;
				CLANG_WARN_ENUM_CONVERSION = YES;
				CLANG_WARN_INFINITE_RECURSION = YES;
				CLANG_WARN_INT_CONVERSION = YES;
				CLANG_WARN_NON_LITERAL_NULL_CONVERSION = YES;
				CLANG_WARN_OBJC_IMPLICIT_RETAIN_SELF = YES;
				CLANG_WARN_OBJC_LITERAL_CONVERSION = YES;
				CLANG_WARN_OBJC_ROOT_CLASS = YES_ERROR;
				CLANG_WARN_RANGE_LOOP_ANALYSIS = YES;
				CLANG_WARN_STRICT_PROTOTYPES = YES;
				CLANG_WARN_SUSPICIOUS_MOVE = YES;
				CLANG_WARN_UNGUARDED_AVAILABILITY = YES_AGGRESSIVE;
				CLANG_WARN_UNREACHABLE_CODE = YES;
				CLANG_WARN__DUPLICATE_METHOD_MATCH = YES;
				CODE_SIGN_IDENTITY = "iPhone Developer";
				COPY_PHASE_STRIP = NO;
				DEBUG_INFORMATION_FORMAT = dwarf;
				ENABLE_STRICT_OBJC_MSGSEND = YES;
				ENABLE_TESTABILITY = YES;
				GCC_C_LANGUAGE_STANDARD = gnu11;
				GCC_DYNAMIC_NO_PIC = NO;
				GCC_NO_COMMON_BLOCKS = YES;
				GCC_OPTIMIZATION_LEVEL = 0;
				GCC_PREPROCESSOR_DEFINITIONS = (
					"DEBUG=1",
					"$(inherited)",
				);
				GCC_WARN_64_TO_32_BIT_CONVERSION = YES;
				GCC_WARN_ABOUT_RETURN_TYPE = YES_ERROR;
				GCC_WARN_UNDECLARED_SELECTOR = YES;
				GCC_WARN_UNINITIALIZED_AUTOS = YES_AGGRESSIVE;
				GCC_WARN_UNUSED_FUNCTION = YES;
				GCC_WARN_UNUSED_VARIABLE = YES;
				IPHONEOS_DEPLOYMENT_TARGET = 12.2;
				MTL_ENABLE_DEBUG_INFO = INCLUDE_SOURCE;
				MTL_FAST_MATH = YES;
				ONLY_ACTIVE_ARCH = YES;
				SDKROOT = iphoneos;
				SWIFT_ACTIVE_COMPILATION_CONDITIONS = DEBUG;
				SWIFT_OPTIMIZATION_LEVEL = "-Onone";
			};
			name = Debug;
		};
		9C51F79122A5E408001D6213 /* Release */ = {
			isa = XCBuildConfiguration;
			buildSettings = {
				ALWAYS_SEARCH_USER_PATHS = NO;
				CLANG_ANALYZER_NONNULL = YES;
				CLANG_ANALYZER_NUMBER_OBJECT_CONVERSION = YES_AGGRESSIVE;
				CLANG_CXX_LANGUAGE_STANDARD = "gnu++14";
				CLANG_CXX_LIBRARY = "libc++";
				CLANG_ENABLE_MODULES = YES;
				CLANG_ENABLE_OBJC_ARC = YES;
				CLANG_ENABLE_OBJC_WEAK = YES;
				CLANG_WARN_BLOCK_CAPTURE_AUTORELEASING = YES;
				CLANG_WARN_BOOL_CONVERSION = YES;
				CLANG_WARN_COMMA = YES;
				CLANG_WARN_CONSTANT_CONVERSION = YES;
				CLANG_WARN_DEPRECATED_OBJC_IMPLEMENTATIONS = YES;
				CLANG_WARN_DIRECT_OBJC_ISA_USAGE = YES_ERROR;
				CLANG_WARN_DOCUMENTATION_COMMENTS = YES;
				CLANG_WARN_EMPTY_BODY = YES;
				CLANG_WARN_ENUM_CONVERSION = YES;
				CLANG_WARN_INFINITE_RECURSION = YES;
				CLANG_WARN_INT_CONVERSION = YES;
				CLANG_WARN_NON_LITERAL_NULL_CONVERSION = YES;
				CLANG_WARN_OBJC_IMPLICIT_RETAIN_SELF = YES;
				CLANG_WARN_OBJC_LITERAL_CONVERSION = YES;
				CLANG_WARN_OBJC_ROOT_CLASS = YES_ERROR;
				CLANG_WARN_RANGE_LOOP_ANALYSIS = YES;
				CLANG_WARN_STRICT_PROTOTYPES = YES;
				CLANG_WARN_SUSPICIOUS_MOVE = YES;
				CLANG_WARN_UNGUARDED_AVAILABILITY = YES_AGGRESSIVE;
				CLANG_WARN_UNREACHABLE_CODE = YES;
				CLANG_WARN__DUPLICATE_METHOD_MATCH = YES;
				CODE_SIGN_IDENTITY = "iPhone Developer";
				COPY_PHASE_STRIP = NO;
				DEBUG_INFORMATION_FORMAT = "dwarf-with-dsym";
				ENABLE_NS_ASSERTIONS = NO;
				ENABLE_STRICT_OBJC_MSGSEND = YES;
				GCC_C_LANGUAGE_STANDARD = gnu11;
				GCC_NO_COMMON_BLOCKS = YES;
				GCC_WARN_64_TO_32_BIT_CONVERSION = YES;
				GCC_WARN_ABOUT_RETURN_TYPE = YES_ERROR;
				GCC_WARN_UNDECLARED_SELECTOR = YES;
				GCC_WARN_UNINITIALIZED_AUTOS = YES_AGGRESSIVE;
				GCC_WARN_UNUSED_FUNCTION = YES;
				GCC_WARN_UNUSED_VARIABLE = YES;
				IPHONEOS_DEPLOYMENT_TARGET = 12.2;
				MTL_ENABLE_DEBUG_INFO = NO;
				MTL_FAST_MATH = YES;
				SDKROOT = iphoneos;
				SWIFT_COMPILATION_MODE = wholemodule;
				SWIFT_OPTIMIZATION_LEVEL = "-O";
				VALIDATE_PRODUCT = YES;
			};
			name = Release;
		};
		9C51F79322A5E408001D6213 /* Debug */ = {
			isa = XCBuildConfiguration;
			buildSettings = {
				ASSETCATALOG_COMPILER_APPICON_NAME = AppIcon;
				CODE_SIGN_STYLE = Automatic;
				DEVELOPMENT_TEAM = Y2XWB859K6;
				INFOPLIST_FILE = KeyBoardHandling/Info.plist;
				LD_RUNPATH_SEARCH_PATHS = (
					"$(inherited)",
					"@executable_path/Frameworks",
				);
				PRODUCT_BUNDLE_IDENTIFIER = HG.KeyBoardHandling;
				PRODUCT_NAME = "$(TARGET_NAME)";
				SWIFT_VERSION = 5.0;
				TARGETED_DEVICE_FAMILY = "1,2";
			};
			name = Debug;
		};
		9C51F79422A5E408001D6213 /* Release */ = {
			isa = XCBuildConfiguration;
			buildSettings = {
				ASSETCATALOG_COMPILER_APPICON_NAME = AppIcon;
				CODE_SIGN_STYLE = Automatic;
				DEVELOPMENT_TEAM = Y2XWB859K6;
				INFOPLIST_FILE = KeyBoardHandling/Info.plist;
				LD_RUNPATH_SEARCH_PATHS = (
					"$(inherited)",
					"@executable_path/Frameworks",
				);
				PRODUCT_BUNDLE_IDENTIFIER = HG.KeyBoardHandling;
				PRODUCT_NAME = "$(TARGET_NAME)";
				SWIFT_VERSION = 5.0;
				TARGETED_DEVICE_FAMILY = "1,2";
			};
			name = Release;
		};
		9C51F79622A5E408001D6213 /* Debug */ = {
			isa = XCBuildConfiguration;
			buildSettings = {
				ALWAYS_EMBED_SWIFT_STANDARD_LIBRARIES = YES;
				BUNDLE_LOADER = "$(TEST_HOST)";
				CODE_SIGN_STYLE = Automatic;
				DEVELOPMENT_TEAM = Y2XWB859K6;
				INFOPLIST_FILE = KeyBoardHandlingTests/Info.plist;
				LD_RUNPATH_SEARCH_PATHS = (
					"$(inherited)",
					"@executable_path/Frameworks",
					"@loader_path/Frameworks",
				);
				PRODUCT_BUNDLE_IDENTIFIER = HG.KeyBoardHandlingTests;
				PRODUCT_NAME = "$(TARGET_NAME)";
				SWIFT_VERSION = 5.0;
				TARGETED_DEVICE_FAMILY = "1,2";
				TEST_HOST = "$(BUILT_PRODUCTS_DIR)/KeyBoardHandling.app/KeyBoardHandling";
			};
			name = Debug;
		};
		9C51F79722A5E408001D6213 /* Release */ = {
			isa = XCBuildConfiguration;
			buildSettings = {
				ALWAYS_EMBED_SWIFT_STANDARD_LIBRARIES = YES;
				BUNDLE_LOADER = "$(TEST_HOST)";
				CODE_SIGN_STYLE = Automatic;
				DEVELOPMENT_TEAM = Y2XWB859K6;
				INFOPLIST_FILE = KeyBoardHandlingTests/Info.plist;
				LD_RUNPATH_SEARCH_PATHS = (
					"$(inherited)",
					"@executable_path/Frameworks",
					"@loader_path/Frameworks",
				);
				PRODUCT_BUNDLE_IDENTIFIER = HG.KeyBoardHandlingTests;
				PRODUCT_NAME = "$(TARGET_NAME)";
				SWIFT_VERSION = 5.0;
				TARGETED_DEVICE_FAMILY = "1,2";
				TEST_HOST = "$(BUILT_PRODUCTS_DIR)/KeyBoardHandling.app/KeyBoardHandling";
			};
			name = Release;
		};
		9C51F79922A5E408001D6213 /* Debug */ = {
			isa = XCBuildConfiguration;
			buildSettings = {
				ALWAYS_EMBED_SWIFT_STANDARD_LIBRARIES = YES;
				CODE_SIGN_STYLE = Automatic;
				DEVELOPMENT_TEAM = Y2XWB859K6;
				INFOPLIST_FILE = KeyBoardHandlingUITests/Info.plist;
				LD_RUNPATH_SEARCH_PATHS = (
					"$(inherited)",
					"@executable_path/Frameworks",
					"@loader_path/Frameworks",
				);
				PRODUCT_BUNDLE_IDENTIFIER = HG.KeyBoardHandlingUITests;
				PRODUCT_NAME = "$(TARGET_NAME)";
				SWIFT_VERSION = 5.0;
				TARGETED_DEVICE_FAMILY = "1,2";
				TEST_TARGET_NAME = KeyBoardHandling;
			};
			name = Debug;
		};
		9C51F79A22A5E408001D6213 /* Release */ = {
			isa = XCBuildConfiguration;
			buildSettings = {
				ALWAYS_EMBED_SWIFT_STANDARD_LIBRARIES = YES;
				CODE_SIGN_STYLE = Automatic;
				DEVELOPMENT_TEAM = Y2XWB859K6;
				INFOPLIST_FILE = KeyBoardHandlingUITests/Info.plist;
				LD_RUNPATH_SEARCH_PATHS = (
					"$(inherited)",
					"@executable_path/Frameworks",
					"@loader_path/Frameworks",
				);
				PRODUCT_BUNDLE_IDENTIFIER = HG.KeyBoardHandlingUITests;
				PRODUCT_NAME = "$(TARGET_NAME)";
				SWIFT_VERSION = 5.0;
				TARGETED_DEVICE_FAMILY = "1,2";
				TEST_TARGET_NAME = KeyBoardHandling;
			};
			name = Release;
		};
/* End XCBuildConfiguration section */

/* Begin XCConfigurationList section */
		9C51F76522A5E406001D6213 /* Build configuration list for PBXProject "KeyBoardHandling" */ = {
			isa = XCConfigurationList;
			buildConfigurations = (
				9C51F79022A5E408001D6213 /* Debug */,
				9C51F79122A5E408001D6213 /* Release */,
			);
			defaultConfigurationIsVisible = 0;
			defaultConfigurationName = Release;
		};
		9C51F79222A5E408001D6213 /* Build configuration list for PBXNativeTarget "KeyBoardHandling" */ = {
			isa = XCConfigurationList;
			buildConfigurations = (
				9C51F79322A5E408001D6213 /* Debug */,
				9C51F79422A5E408001D6213 /* Release */,
			);
			defaultConfigurationIsVisible = 0;
			defaultConfigurationName = Release;
		};
		9C51F79522A5E408001D6213 /* Build configuration list for PBXNativeTarget "KeyBoardHandlingTests" */ = {
			isa = XCConfigurationList;
			buildConfigurations = (
				9C51F79622A5E408001D6213 /* Debug */,
				9C51F79722A5E408001D6213 /* Release */,
			);
			defaultConfigurationIsVisible = 0;
			defaultConfigurationName = Release;
		};
		9C51F79822A5E408001D6213 /* Build configuration list for PBXNativeTarget "KeyBoardHandlingUITests" */ = {
			isa = XCConfigurationList;
			buildConfigurations = (
				9C51F79922A5E408001D6213 /* Debug */,
				9C51F79A22A5E408001D6213 /* Release */,
			);
			defaultConfigurationIsVisible = 0;
			defaultConfigurationName = Release;
		};
/* End XCConfigurationList section */
	};
	rootObject = 9C51F76222A5E406001D6213 /* Project object */;
}
